
Microsoft Visual Studio Solution File, Format Version 12.00
# Visual Studio Version 17
VisualStudioVersion = 17.6.33712.159
MinimumVisualStudioVersion = 10.0.40219.1
Project("{9A19103F-16F7-4668-BE54-9A1E7A4F7556}") = "API", "API\API.csproj", "{8BC65C0B-D06D-4A08-818D-2612FEBE86AE}"
EndProject
Project("{9A19103F-16F7-4668-BE54-9A1E7A4F7556}") = "Application", "Application\Application.csproj", "{E0B29D51-7121-46FA-A486-F8BD4F0379B5}"
EndProject
Project("{9A19103F-16F7-4668-BE54-9A1E7A4F7556}") = "Domain", "Domain\Domain.csproj", "{05B0B0BE-0E96-4675-AAEF-5ACEABE3F979}"
EndProject
Project("{FAE04EC0-301F-11D3-BF4B-00C04F79EFBC}") = "Infrastructure", "Infrastructure\Infrastructure.csproj", "{303779B3-E804-43EE-BFE5-F94F78B987AB}"
EndProject
Global
	GlobalSection(SolutionConfigurationPlatforms) = preSolution
		Debug|Any CPU = Debug|Any CPU
		Release|Any CPU = Release|Any CPU
	EndGlobalSection
	GlobalSection(ProjectConfigurationPlatforms) = postSolution
		{8BC65C0B-D06D-4A08-818D-2612FEBE86AE}.Debug|Any CPU.ActiveCfg = Debug|Any CPU
		{8BC65C0B-D06D-4A08-818D-2612FEBE86AE}.Debug|Any CPU.Build.0 = Debug|Any CPU
		{8BC65C0B-D06D-4A08-818D-2612FEBE86AE}.Release|Any CPU.ActiveCfg = Release|Any CPU
		{8BC65C0B-D06D-4A08-818D-2612FEBE86AE}.Release|Any CPU.Build.0 = Release|Any CPU
		{E0B29D51-7121-46FA-A486-F8BD4F0379B5}.Debug|Any CPU.ActiveCfg = Debug|Any CPU
		{E0B29D51-7121-46FA-A486-F8BD4F0379B5}.Debug|Any CPU.Build.0 = Debug|Any CPU
		{E0B29D51-7121-46FA-A486-F8BD4F0379B5}.Release|Any CPU.ActiveCfg = Release|Any CPU
		{E0B29D51-7121-46FA-A486-F8BD4F0379B5}.Release|Any CPU.Build.0 = Release|Any CPU
		{05B0B0BE-0E96-4675-AAEF-5ACEABE3F979}.Debug|Any CPU.ActiveCfg = Debug|Any CPU
		{05B0B0BE-0E96-4675-AAEF-5ACEABE3F979}.Debug|Any CPU.Build.0 = Debug|Any CPU
		{05B0B0BE-0E96-4675-AAEF-5ACEABE3F979}.Release|Any CPU.ActiveCfg = Release|Any CPU
		{05B0B0BE-0E96-4675-AAEF-5ACEABE3F979}.Release|Any CPU.Build.0 = Release|Any CPU
		{303779B3-E804-43EE-BFE5-F94F78B987AB}.Debug|Any CPU.ActiveCfg = Debug|Any CPU
		{303779B3-E804-43EE-BFE5-F94F78B987AB}.Debug|Any CPU.Build.0 = Debug|Any CPU
		{303779B3-E804-43EE-BFE5-F94F78B987AB}.Release|Any CPU.ActiveCfg = Release|Any CPU
		{303779B3-E804-43EE-BFE5-F94F78B987AB}.Release|Any CPU.Build.0 = Release|Any CPU
	EndGlobalSection
	GlobalSection(SolutionProperties) = preSolution
		HideSolutionNode = FALSE
	EndGlobalSection
	GlobalSection(ExtensibilityGlobals) = postSolution
		SolutionGuid = {C4191A83-163A-46BC-8902-5345864F05D5}
	EndGlobalSection
EndGlobal
